// !$*UTF8*$!
{
	archiveVersion = 1;
	classes = {
	};
	objectVersion = 46;
	objects = {

/* Begin PBXBuildFile section */
		8F8F01441BF93D3B0013D3C2 /* AppDelegate.swift in Sources */ = {isa = PBXBuildFile; fileRef = 8F8F01431BF93D3B0013D3C2 /* AppDelegate.swift */; };
		8F8F01461BF93D3B0013D3C2 /* ViewController.swift in Sources */ = {isa = PBXBuildFile; fileRef = 8F8F01451BF93D3B0013D3C2 /* ViewController.swift */; };
		8F8F01491BF93D3B0013D3C2 /* Main.storyboard in Resources */ = {isa = PBXBuildFile; fileRef = 8F8F01471BF93D3B0013D3C2 /* Main.storyboard */; };
		8F8F014B1BF93D3B0013D3C2 /* Assets.xcassets in Resources */ = {isa = PBXBuildFile; fileRef = 8F8F014A1BF93D3B0013D3C2 /* Assets.xcassets */; };
		8F8F014E1BF93D3B0013D3C2 /* LaunchScreen.storyboard in Resources */ = {isa = PBXBuildFile; fileRef = 8F8F014C1BF93D3B0013D3C2 /* LaunchScreen.storyboard */; };
		8FEFABB21BFA52630004124E /* Weather.swift in Sources */ = {isa = PBXBuildFile; fileRef = 8FEFABB11BFA52630004124E /* Weather.swift */; };
		8FEFABB41BFA53AE0004124E /* Constants.swift in Sources */ = {isa = PBXBuildFile; fileRef = 8FEFABB31BFA53AE0004124E /* Constants.swift */; };
		90CE165B7B1C4D56506FF860 /* Pods_Weather.framework in Frameworks */ = {isa = PBXBuildFile; fileRef = 2A7071680006136C0EB81502 /* Pods_Weather.framework */; };
/* End PBXBuildFile section */

/* Begin PBXFileReference section */
		19F9D8A57AFD73747406122F /* Pods-Weather.release.xcconfig */ = {isa = PBXFileReference; includeInIndex = 1; lastKnownFileType = text.xcconfig; name = "Pods-Weather.release.xcconfig"; path = "Pods/Target Support Files/Pods-Weather/Pods-Weather.release.xcconfig"; sourceTree = "<group>"; };
		2A7071680006136C0EB81502 /* Pods_Weather.framework */ = {isa = PBXFileReference; explicitFileType = wrapper.framework; includeInIndex = 0; path = Pods_Weather.framework; sourceTree = BUILT_PRODUCTS_DIR; };
		8F8F01401BF93D3B0013D3C2 /* Weather.app */ = {isa = PBXFileReference; explicitFileType = wrapper.application; includeInIndex = 0; path = Weather.app; sourceTree = BUILT_PRODUCTS_DIR; };
		8F8F01431BF93D3B0013D3C2 /* AppDelegate.swift */ = {isa = PBXFileReference; lastKnownFileType = sourcecode.swift; path = AppDelegate.swift; sourceTree = "<group>"; };
		8F8F01451BF93D3B0013D3C2 /* ViewController.swift */ = {isa = PBXFileReference; lastKnownFileType = sourcecode.swift; path = ViewController.swift; sourceTree = "<group>"; };
		8F8F01481BF93D3B0013D3C2 /* Base */ = {isa = PBXFileReference; lastKnownFileType = file.storyboard; name = Base; path = Base.lproj/Main.storyboard; sourceTree = "<group>"; };
		8F8F014A1BF93D3B0013D3C2 /* Assets.xcassets */ = {isa = PBXFileReference; lastKnownFileType = folder.assetcatalog; path = Assets.xcassets; sourceTree = "<group>"; };
		8F8F014D1BF93D3B0013D3C2 /* Base */ = {isa = PBXFileReference; lastKnownFileType = file.storyboard; name = Base; path = Base.lproj/LaunchScreen.storyboard; sourceTree = "<group>"; };
		8F8F014F1BF93D3B0013D3C2 /* Info.plist */ = {isa = PBXFileReference; lastKnownFileType = text.plist.xml; path = Info.plist; sourceTree = "<group>"; };
		8FEFABB11BFA52630004124E /* Weather.swift */ = {isa = PBXFileReference; fileEncoding = 4; lastKnownFileType = sourcecode.swift; path = Weather.swift; sourceTree = "<group>"; };
		8FEFABB31BFA53AE0004124E /* Constants.swift */ = {isa = PBXFileReference; fileEncoding = 4; lastKnownFileType = sourcecode.swift; path = Constants.swift; sourceTree = "<group>"; };
		C5B1462D6F2AD14907FCFEBE /* Pods-Weather.debug.xcconfig */ = {isa = PBXFileReference; includeInIndex = 1; lastKnownFileType = text.xcconfig; name = "Pods-Weather.debug.xcconfig"; path = "Pods/Target Support Files/Pods-Weather/Pods-Weather.debug.xcconfig"; sourceTree = "<group>"; };
/* End PBXFileReference section */

/* Begin PBXFrameworksBuildPhase section */
		8F8F013D1BF93D3B0013D3C2 /* Frameworks */ = {
			isa = PBXFrameworksBuildPhase;
			buildActionMask = 2147483647;
			files = (
				90CE165B7B1C4D56506FF860 /* Pods_Weather.framework in Frameworks */,
			);
			runOnlyForDeploymentPostprocessing = 0;
		};
/* End PBXFrameworksBuildPhase section */

/* Begin PBXGroup section */
		115049E38743BCBA1DBC5BB2 /* Pods */ = {
			isa = PBXGroup;
			children = (
				C5B1462D6F2AD14907FCFEBE /* Pods-Weather.debug.xcconfig */,
				19F9D8A57AFD73747406122F /* Pods-Weather.release.xcconfig */,
			);
			name = Pods;
			sourceTree = "<group>";
		};
		8F8F01371BF93D3B0013D3C2 = {
			isa = PBXGroup;
			children = (
				8F8F01421BF93D3B0013D3C2 /* Weather */,
				8F8F01411BF93D3B0013D3C2 /* Products */,
				115049E38743BCBA1DBC5BB2 /* Pods */,
				F872F5DC2917346D9AA96879 /* Frameworks */,
			);
			sourceTree = "<group>";
		};
		8F8F01411BF93D3B0013D3C2 /* Products */ = {
			isa = PBXGroup;
			children = (
				8F8F01401BF93D3B0013D3C2 /* Weather.app */,
			);
			name = Products;
			sourceTree = "<group>";
		};
		8F8F01421BF93D3B0013D3C2 /* Weather */ = {
			isa = PBXGroup;
			children = (
				8FEFABAD1BFA51FD0004124E /* Model */,
				8FEFABAE1BFA52070004124E /* View */,
				8FEFABAF1BFA520C0004124E /* Controller */,
				8FEFABB01BFA52270004124E /* Utils */,
				8F8F01431BF93D3B0013D3C2 /* AppDelegate.swift */,
				8F8F01471BF93D3B0013D3C2 /* Main.storyboard */,
				8F8F014A1BF93D3B0013D3C2 /* Assets.xcassets */,
				8F8F014C1BF93D3B0013D3C2 /* LaunchScreen.storyboard */,
				8F8F014F1BF93D3B0013D3C2 /* Info.plist */,
			);
			path = Weather;
			sourceTree = "<group>";
		};
		8FEFABAD1BFA51FD0004124E /* Model */ = {
			isa = PBXGroup;
			children = (
				8FEFABB11BFA52630004124E /* Weather.swift */,
			);
			name = Model;
			sourceTree = "<group>";
		};
		8FEFABAE1BFA52070004124E /* View */ = {
			isa = PBXGroup;
			children = (
			);
			name = View;
			sourceTree = "<group>";
		};
		8FEFABAF1BFA520C0004124E /* Controller */ = {
			isa = PBXGroup;
			children = (
				8F8F01451BF93D3B0013D3C2 /* ViewController.swift */,
			);
			name = Controller;
			sourceTree = "<group>";
		};
		8FEFABB01BFA52270004124E /* Utils */ = {
			isa = PBXGroup;
			children = (
				8FEFABB31BFA53AE0004124E /* Constants.swift */,
			);
			name = Utils;
			sourceTree = "<group>";
		};
		F872F5DC2917346D9AA96879 /* Frameworks */ = {
			isa = PBXGroup;
			children = (
				2A7071680006136C0EB81502 /* Pods_Weather.framework */,
			);
			name = Frameworks;
			sourceTree = "<group>";
		};
/* End PBXGroup section */

/* Begin PBXNativeTarget section */
		8F8F013F1BF93D3B0013D3C2 /* Weather */ = {
			isa = PBXNativeTarget;
			buildConfigurationList = 8F8F01521BF93D3B0013D3C2 /* Build configuration list for PBXNativeTarget "Weather" */;
			buildPhases = (
				AF09B342DEA3249DDBEE517D /* Check Pods Manifest.lock */,
				8F8F013C1BF93D3B0013D3C2 /* Sources */,
				8F8F013D1BF93D3B0013D3C2 /* Frameworks */,
				8F8F013E1BF93D3B0013D3C2 /* Resources */,
				746FA11F6B715684EDEC3D4D /* Embed Pods Frameworks */,
				B0827308DC031FB8E789EB9C /* Copy Pods Resources */,
			);
			buildRules = (
			);
			dependencies = (
			);
			name = Weather;
			productName = Weather;
			productReference = 8F8F01401BF93D3B0013D3C2 /* Weather.app */;
			productType = "com.apple.product-type.application";
		};
/* End PBXNativeTarget section */

/* Begin PBXProject section */
		8F8F01381BF93D3B0013D3C2 /* Project object */ = {
			isa = PBXProject;
			attributes = {
				LastSwiftUpdateCheck = 0710;
				LastUpgradeCheck = 0710;
				ORGANIZATIONNAME = "Mike Pitre";
				TargetAttributes = {
					8F8F013F1BF93D3B0013D3C2 = {
						CreatedOnToolsVersion = 7.1;
						DevelopmentTeam = RFXBTPH739;
					};
				};
			};
			buildConfigurationList = 8F8F013B1BF93D3B0013D3C2 /* Build configuration list for PBXProject "Weather" */;
			compatibilityVersion = "Xcode 3.2";
			developmentRegion = English;
			hasScannedForEncodings = 0;
			knownRegions = (
				en,
				Base,
			);
			mainGroup = 8F8F01371BF93D3B0013D3C2;
			productRefGroup = 8F8F01411BF93D3B0013D3C2 /* Products */;
			projectDirPath = "";
			projectRoot = "";
			targets = (
				8F8F013F1BF93D3B0013D3C2 /* Weather */,
			);
		};
/* End PBXProject section */

/* Begin PBXResourcesBuildPhase section */
		8F8F013E1BF93D3B0013D3C2 /* Resources */ = {
			isa = PBXResourcesBuildPhase;
			buildActionMask = 2147483647;
			files = (
				8F8F014E1BF93D3B0013D3C2 /* LaunchScreen.storyboard in Resources */,
				8F8F014B1BF93D3B0013D3C2 /* Assets.xcassets in Resources */,
				8F8F01491BF93D3B0013D3C2 /* Main.storyboard in Resources */,
			);
			runOnlyForDeploymentPostprocessing = 0;
		};
/* End PBXResourcesBuildPhase section */

/* Begin PBXShellScriptBuildPhase section */
		746FA11F6B715684EDEC3D4D /* Embed Pods Frameworks */ = {
			isa = PBXShellScriptBuildPhase;
			buildActionMask = 2147483647;
			files = (
			);
			inputPaths = (
			);
			name = "Embed Pods Frameworks";
			outputPaths = (
			);
			runOnlyForDeploymentPostprocessing = 0;
			shellPath = /bin/sh;
			shellScript = "\"${SRCROOT}/Pods/Target Support Files/Pods-Weather/Pods-Weather-frameworks.sh\"\n";
			showEnvVarsInLog = 0;
		};
		AF09B342DEA3249DDBEE517D /* Check Pods Manifest.lock */ = {
			isa = PBXShellScriptBuildPhase;
			buildActionMask = 2147483647;
			files = (
			);
			inputPaths = (
			);
			name = "Check Pods Manifest.lock";
			outputPaths = (
			);
			runOnlyForDeploymentPostprocessing = 0;
			shellPath = /bin/sh;
			shellScript = "diff \"${PODS_ROOT}/../Podfile.lock\" \"${PODS_ROOT}/Manifest.lock\" > /dev/null\nif [[ $? != 0 ]] ; then\n    cat << EOM\nerror: The sandbox is not in sync with the Podfile.lock. Run 'pod install' or update your CocoaPods installation.\nEOM\n    exit 1\nfi\n";
			showEnvVarsInLog = 0;
		};
		B0827308DC031FB8E789EB9C /* Copy Pods Resources */ = {
			isa = PBXShellScriptBuildPhase;
			buildActionMask = 2147483647;
			files = (
			);
			inputPaths = (
			);
			name = "Copy Pods Resources";
			outputPaths = (
			);
			runOnlyForDeploymentPostprocessing = 0;
			shellPath = /bin/sh;
			shellScript = "\"${SRCROOT}/Pods/Target Support Files/Pods-Weather/Pods-Weather-resources.sh\"\n";
			showEnvVarsInLog = 0;
		};
/* End PBXShellScriptBuildPhase section */

/* Begin PBXSourcesBuildPhase section */
		8F8F013C1BF93D3B0013D3C2 /* Sources */ = {
			isa = PBXSourcesBuildPhase;
			buildActionMask = 2147483647;
			files = (
				8F8F01461BF93D3B0013D3C2 /* ViewController.swift in Sources */,
				8F8F01441BF93D3B0013D3C2 /* AppDelegate.swift in Sources */,
				8FEFABB21BFA52630004124E /* Weather.swift in Sources */,
				8FEFABB41BFA53AE0004124E /* Constants.swift in Sources */,
			);
			runOnlyForDeploymentPostprocessing = 0;
		};
/* End PBXSourcesBuildPhase section */

/* Begin PBXVariantGroup section */
		8F8F01471BF93D3B0013D3C2 /* Main.storyboard */ = {
			isa = PBXVariantGroup;
			children = (
				8F8F01481BF93D3B0013D3C2 /* Base */,
			);
			name = Main.storyboard;
			sourceTree = "<group>";
		};
		8F8F014C1BF93D3B0013D3C2 /* LaunchScreen.storyboard */ = {
			isa = PBXVariantGroup;
			children = (
				8F8F014D1BF93D3B0013D3C2 /* Base */,
			);
			name = LaunchScreen.storyboard;
			sourceTree = "<group>";
		};
/* End PBXVariantGroup section */

/* Begin XCBuildConfiguration section */
		8F8F01501BF93D3B0013D3C2 /* Debug */ = {
			isa = XCBuildConfiguration;
			buildSettings = {
				ALWAYS_SEARCH_USER_PATHS = NO;
				CLANG_CXX_LANGUAGE_STANDARD = "gnu++0x";
				CLANG_CXX_LIBRARY = "libc++";
				CLANG_ENABLE_MODULES = YES;
				CLANG_ENABLE_OBJC_ARC = YES;
				CLANG_WARN_BOOL_CONVERSION = YES;
				CLANG_WARN_CONSTANT_CONVERSION = YES;
				CLANG_WARN_DIRECT_OBJC_ISA_USAGE = YES_ERROR;
				CLANG_WARN_EMPTY_BODY = YES;
				CLANG_WARN_ENUM_CONVERSION = YES;
				CLANG_WARN_INT_CONVERSION = YES;
				CLANG_WARN_OBJC_ROOT_CLASS = YES_ERROR;
				CLANG_WARN_UNREACHABLE_CODE = YES;
				CLANG_WARN__DUPLICATE_METHOD_MATCH = YES;
				"CODE_SIGN_IDENTITY[sdk=iphoneos*]" = "iPhone Developer";
				COPY_PHASE_STRIP = NO;
				DEBUG_INFORMATION_FORMAT = dwarf;
				ENABLE_STRICT_OBJC_MSGSEND = YES;
				ENABLE_TESTABILITY = YES;
				GCC_C_LANGUAGE_STANDARD = gnu99;
				GCC_DYNAMIC_NO_PIC = NO;
				GCC_NO_COMMON_BLOCKS = YES;
				GCC_OPTIMIZATION_LEVEL = 0;
				GCC_PREPROCESSOR_DEFINITIONS = (
					"DEBUG=1",
					"$(inherited)",
				);
				GCC_WARN_64_TO_32_BIT_CONVERSION = YES;
				GCC_WARN_ABOUT_RETURN_TYPE = YES_ERROR;
				GCC_WARN_UNDECLARED_SELECTOR = YES;
				GCC_WARN_UNINITIALIZED_AUTOS = YES_AGGRESSIVE;
				GCC_WARN_UNUSED_FUNCTION = YES;
				GCC_WARN_UNUSED_VARIABLE = YES;
				IPHONEOS_DEPLOYMENT_TARGET = 9.1;
				MTL_ENABLE_DEBUG_INFO = YES;
				ONLY_ACTIVE_ARCH = YES;
				SDKROOT = iphoneos;
				SWIFT_OPTIMIZATION_LEVEL = "-Onone";
				TARGETED_DEVICE_FAMILY = "1,2";
			};
			name = Debug;
		};
		8F8F01511BF93D3B0013D3C2 /* Release */ = {
			isa = XCBuildConfiguration;
			buildSettings = {
				ALWAYS_SEARCH_USER_PATHS = NO;
				CLANG_CXX_LANGUAGE_STANDARD = "gnu++0x";
				CLANG_CXX_LIBRARY = "libc++";
				CLANG_ENABLE_MODULES = YES;
				CLANG_ENABLE_OBJC_ARC = YES;
				CLANG_WARN_BOOL_CONVERSION = YES;
				CLANG_WARN_CONSTANT_CONVERSION = YES;
				CLANG_WARN_DIRECT_OBJC_ISA_USAGE = YES_ERROR;
				CLANG_WARN_EMPTY_BODY = YES;
				CLANG_WARN_ENUM_CONVERSION = YES;
				CLANG_WARN_INT_CONVERSION = YES;
				CLANG_WARN_OBJC_ROOT_CLASS = YES_ERROR;
				CLANG_WARN_UNREACHABLE_CODE = YES;
				CLANG_WARN__DUPLICATE_METHOD_MATCH = YES;
				"CODE_SIGN_IDENTITY[sdk=iphoneos*]" = "iPhone Developer";
				COPY_PHASE_STRIP = NO;
				DEBUG_INFORMATION_FORMAT = "dwarf-with-dsym";
				ENABLE_NS_ASSERTIONS = NO;
				ENABLE_STRICT_OBJC_MSGSEND = YES;
				GCC_C_LANGUAGE_STANDARD = gnu99;
				GCC_NO_COMMON_BLOCKS = YES;
				GCC_WARN_64_TO_32_BIT_CONVERSION = YES;
				GCC_WARN_ABOUT_RETURN_TYPE = YES_ERROR;
				GCC_WARN_UNDECLARED_SELECTOR = YES;
				GCC_WARN_UNINITIALIZED_AUTOS = YES_AGGRESSIVE;
				GCC_WARN_UNUSED_FUNCTION = YES;
				GCC_WARN_UNUSED_VARIABLE = YES;
				IPHONEOS_DEPLOYMENT_TARGET = 9.1;
				MTL_ENABLE_DEBUG_INFO = NO;
				SDKROOT = iphoneos;
				TARGETED_DEVICE_FAMILY = "1,2";
				VALIDATE_PRODUCT = YES;
			};
			name = Release;
		};
		8F8F01531BF93D3B0013D3C2 /* Debug */ = {
			isa = XCBuildConfiguration;
			baseConfigurationReference = C5B1462D6F2AD14907FCFEBE /* Pods-Weather.debug.xcconfig */;
			buildSettings = {
				ASSETCATALOG_COMPILER_APPICON_NAME = AppIcon;
				INFOPLIST_FILE = Weather/Info.plist;
				LD_RUNPATH_SEARCH_PATHS = "$(inherited) @executable_path/Frameworks";
				PRODUCT_BUNDLE_IDENTIFIER = me.mikepitre.Weather;
				PRODUCT_NAME = "$(TARGET_NAME)";
			};
			name = Debug;
		};
		8F8F01541BF93D3B0013D3C2 /* Release */ = {
			isa = XCBuildConfiguration;
			baseConfigurationReference = 19F9D8A57AFD73747406122F /* Pods-Weather.release.xcconfig */;
			buildSettings = {
				ASSETCATALOG_COMPILER_APPICON_NAME = AppIcon;
				INFOPLIST_FILE = Weather/Info.plist;
				LD_RUNPATH_SEARCH_PATHS = "$(inherited) @executable_path/Frameworks";
				PRODUCT_BUNDLE_IDENTIFIER = me.mikepitre.Weather;
				PRODUCT_NAME = "$(TARGET_NAME)";
			};
			name = Release;
		};
/* End XCBuildConfiguration section */

/* Begin XCConfigurationList section */
		8F8F013B1BF93D3B0013D3C2 /* Build configuration list for PBXProject "Weather" */ = {
			isa = XCConfigurationList;
			buildConfigurations = (
				8F8F01501BF93D3B0013D3C2 /* Debug */,
				8F8F01511BF93D3B0013D3C2 /* Release */,
			);
			defaultConfigurationIsVisible = 0;
			defaultConfigurationName = Release;
		};
		8F8F01521BF93D3B0013D3C2 /* Build configuration list for PBXNativeTarget "Weather" */ = {
			isa = XCConfigurationList;
			buildConfigurations = (
				8F8F01531BF93D3B0013D3C2 /* Debug */,
				8F8F01541BF93D3B0013D3C2 /* Release */,
			);
			defaultConfigurationIsVisible = 0;
			defaultConfigurationName = Release;
		};
/* End XCConfigurationList section */
	};
	rootObject = 8F8F01381BF93D3B0013D3C2 /* Project object */;
}
